
Microsoft Visual Studio Solution File, Format Version 12.00
# Visual Studio 15
VisualStudioVersion = 15.0.28010.2026
MinimumVisualStudioVersion = 10.0.40219.1
Project("{8BC9CEB8-8B4A-11D0-8D11-00A0C91BC942}") = "Ex02", "..\18125204_W02\Ex02\Ex02.vcxproj", "{9AB1EE16-FA54-4B55-B5A0-EEC5CEA4938B}"
EndProject
Project("{8BC9CEB8-8B4A-11D0-8D11-00A0C91BC942}") = "Ex03", "..\18125204_W02\Ex03\Ex03.vcxproj", "{E9E9935E-C693-416B-95C6-1D1D13DD20C3}"
EndProject
Project("{8BC9CEB8-8B4A-11D0-8D11-00A0C91BC942}") = "Ex04", "..\18125204_W02\Ex04\Ex04.vcxproj", "{8FF22B68-E7E9-43FD-AE0F-DB733E703560}"
EndProject
Project("{8BC9CEB8-8B4A-11D0-8D11-00A0C91BC942}") = "Ex05", "..\18125204_W02\Ex05\Ex05.vcxproj", "{2FC58EA2-220C-4763-A2B4-7060323E27C6}"
EndProject
Project("{8BC9CEB8-8B4A-11D0-8D11-00A0C91BC942}") = "Ex06", "..\18125204_W02\Ex06\Ex06.vcxproj", "{19DD52FD-516F-45CB-A91A-C6ACDF6CAB62}"
EndProject
Project("{8BC9CEB8-8B4A-11D0-8D11-00A0C91BC942}") = "Ex07", "..\18125204_W02\Ex07\Ex07.vcxproj", "{AC9EFD09-AE63-4E77-9CEB-CCE97E0A4D3E}"
EndProject
Project("{8BC9CEB8-8B4A-11D0-8D11-00A0C91BC942}") = "Ex08", "..\18125204_W02\Ex08\Ex08.vcxproj", "{5B53B07C-7087-4F60-8B49-D905B3B0E390}"
EndProject
Project("{8BC9CEB8-8B4A-11D0-8D11-00A0C91BC942}") = "Ex09", "..\18125204_W02\Ex09\Ex09.vcxproj", "{BC976344-7C00-4869-BA46-AEC3E6C9144C}"
EndProject
Project("{8BC9CEB8-8B4A-11D0-8D11-00A0C91BC942}") = "Ex01", "..\18125204_W02\Ex01\Ex01.vcxproj", "{BE76E816-FD40-4D61-8130-9357F384DDDA}"
EndProject
Global
	GlobalSection(SolutionConfigurationPlatforms) = preSolution
		Debug|x64 = Debug|x64
		Debug|x86 = Debug|x86
		Release|x64 = Release|x64
		Release|x86 = Release|x86
	EndGlobalSection
	GlobalSection(ProjectConfigurationPlatforms) = postSolution
		{9AB1EE16-FA54-4B55-B5A0-EEC5CEA4938B}.Debug|x64.ActiveCfg = Debug|x64
		{9AB1EE16-FA54-4B55-B5A0-EEC5CEA4938B}.Debug|x64.Build.0 = Debug|x64
		{9AB1EE16-FA54-4B55-B5A0-EEC5CEA4938B}.Debug|x86.ActiveCfg = Debug|Win32
		{9AB1EE16-FA54-4B55-B5A0-EEC5CEA4938B}.Debug|x86.Build.0 = Debug|Win32
		{9AB1EE16-FA54-4B55-B5A0-EEC5CEA4938B}.Release|x64.ActiveCfg = Release|x64
		{9AB1EE16-FA54-4B55-B5A0-EEC5CEA4938B}.Release|x64.Build.0 = Release|x64
		{9AB1EE16-FA54-4B55-B5A0-EEC5CEA4938B}.Release|x86.ActiveCfg = Release|Win32
		{9AB1EE16-FA54-4B55-B5A0-EEC5CEA4938B}.Release|x86.Build.0 = Release|Win32
		{E9E9935E-C693-416B-95C6-1D1D13DD20C3}.Debug|x64.ActiveCfg = Debug|x64
		{E9E9935E-C693-416B-95C6-1D1D13DD20C3}.Debug|x64.Build.0 = Debug|x64
		{E9E9935E-C693-416B-95C6-1D1D13DD20C3}.Debug|x86.ActiveCfg = Debug|Win32
		{E9E9935E-C693-416B-95C6-1D1D13DD20C3}.Debug|x86.Build.0 = Debug|Win32
		{E9E9935E-C693-416B-95C6-1D1D13DD20C3}.Release|x64.ActiveCfg = Release|x64
		{E9E9935E-C693-416B-95C6-1D1D13DD20C3}.Release|x64.Build.0 = Release|x64
		{E9E9935E-C693-416B-95C6-1D1D13DD20C3}.Release|x86.ActiveCfg = Release|Win32
		{E9E9935E-C693-416B-95C6-1D1D13DD20C3}.Release|x86.Build.0 = Release|Win32
		{8FF22B68-E7E9-43FD-AE0F-DB733E703560}.Debug|x64.ActiveCfg = Debug|x64
		{8FF22B68-E7E9-43FD-AE0F-DB733E703560}.Debug|x64.Build.0 = Debug|x64
		{8FF22B68-E7E9-43FD-AE0F-DB733E703560}.Debug|x86.ActiveCfg = Debug|Win32
		{8FF22B68-E7E9-43FD-AE0F-DB733E703560}.Debug|x86.Build.0 = Debug|Win32
		{8FF22B68-E7E9-43FD-AE0F-DB733E703560}.Release|x64.ActiveCfg = Release|x64
		{8FF22B68-E7E9-43FD-AE0F-DB733E703560}.Release|x64.Build.0 = Release|x64
		{8FF22B68-E7E9-43FD-AE0F-DB733E703560}.Release|x86.ActiveCfg = Release|Win32
		{8FF22B68-E7E9-43FD-AE0F-DB733E703560}.Release|x86.Build.0 = Release|Win32
		{2FC58EA2-220C-4763-A2B4-7060323E27C6}.Debug|x64.ActiveCfg = Debug|x64
		{2FC58EA2-220C-4763-A2B4-7060323E27C6}.Debug|x64.Build.0 = Debug|x64
		{2FC58EA2-220C-4763-A2B4-7060323E27C6}.Debug|x86.ActiveCfg = Debug|Win32
		{2FC58EA2-220C-4763-A2B4-7060323E27C6}.Debug|x86.Build.0 = Debug|Win32
		{2FC58EA2-220C-4763-A2B4-7060323E27C6}.Release|x64.ActiveCfg = Release|x64
		{2FC58EA2-220C-4763-A2B4-7060323E27C6}.Release|x64.Build.0 = Release|x64
		{2FC58EA2-220C-4763-A2B4-7060323E27C6}.Release|x86.ActiveCfg = Release|Win32
		{2FC58EA2-220C-4763-A2B4-7060323E27C6}.Release|x86.Build.0 = Release|Win32
		{19DD52FD-516F-45CB-A91A-C6ACDF6CAB62}.Debug|x64.ActiveCfg = Debug|x64
		{19DD52FD-516F-45CB-A91A-C6ACDF6CAB62}.Debug|x64.Build.0 = Debug|x64
		{19DD52FD-516F-45CB-A91A-C6ACDF6CAB62}.Debug|x86.ActiveCfg = Debug|Win32
		{19DD52FD-516F-45CB-A91A-C6ACDF6CAB62}.Debug|x86.Build.0 = Debug|Win32
		{19DD52FD-516F-45CB-A91A-C6ACDF6CAB62}.Release|x64.ActiveCfg = Release|x64
		{19DD52FD-516F-45CB-A91A-C6ACDF6CAB62}.Release|x64.Build.0 = Release|x64
		{19DD52FD-516F-45CB-A91A-C6ACDF6CAB62}.Release|x86.ActiveCfg = Release|Win32
		{19DD52FD-516F-45CB-A91A-C6ACDF6CAB62}.Release|x86.Build.0 = Release|Win32
		{AC9EFD09-AE63-4E77-9CEB-CCE97E0A4D3E}.Debug|x64.ActiveCfg = Debug|x64
		{AC9EFD09-AE63-4E77-9CEB-CCE97E0A4D3E}.Debug|x64.Build.0 = Debug|x64
		{AC9EFD09-AE63-4E77-9CEB-CCE97E0A4D3E}.Debug|x86.ActiveCfg = Debug|Win32
		{AC9EFD09-AE63-4E77-9CEB-CCE97E0A4D3E}.Debug|x86.Build.0 = Debug|Win32
		{AC9EFD09-AE63-4E77-9CEB-CCE97E0A4D3E}.Release|x64.ActiveCfg = Release|x64
		{AC9EFD09-AE63-4E77-9CEB-CCE97E0A4D3E}.Release|x64.Build.0 = Release|x64
		{AC9EFD09-AE63-4E77-9CEB-CCE97E0A4D3E}.Release|x86.ActiveCfg = Release|Win32
		{AC9EFD09-AE63-4E77-9CEB-CCE97E0A4D3E}.Release|x86.Build.0 = Release|Win32
		{5B53B07C-7087-4F60-8B49-D905B3B0E390}.Debug|x64.ActiveCfg = Debug|x64
		{5B53B07C-7087-4F60-8B49-D905B3B0E390}.Debug|x64.Build.0 = Debug|x64
		{5B53B07C-7087-4F60-8B49-D905B3B0E390}.Debug|x86.ActiveCfg = Debug|Win32
		{5B53B07C-7087-4F60-8B49-D905B3B0E390}.Debug|x86.Build.0 = Debug|Win32
		{5B53B07C-7087-4F60-8B49-D905B3B0E390}.Release|x64.ActiveCfg = Release|x64
		{5B53B07C-7087-4F60-8B49-D905B3B0E390}.Release|x64.Build.0 = Release|x64
		{5B53B07C-7087-4F60-8B49-D905B3B0E390}.Release|x86.ActiveCfg = Release|Win32
		{5B53B07C-7087-4F60-8B49-D905B3B0E390}.Release|x86.Build.0 = Release|Win32
		{BC976344-7C00-4869-BA46-AEC3E6C9144C}.Debug|x64.ActiveCfg = Debug|x64
		{BC976344-7C00-4869-BA46-AEC3E6C9144C}.Debug|x64.Build.0 = Debug|x64
		{BC976344-7C00-4869-BA46-AEC3E6C9144C}.Debug|x86.ActiveCfg = Debug|Win32
		{BC976344-7C00-4869-BA46-AEC3E6C9144C}.Debug|x86.Build.0 = Debug|Win32
		{BC976344-7C00-4869-BA46-AEC3E6C9144C}.Release|x64.ActiveCfg = Release|x64
		{BC976344-7C00-4869-BA46-AEC3E6C9144C}.Release|x64.Build.0 = Release|x64
		{BC976344-7C00-4869-BA46-AEC3E6C9144C}.Release|x86.ActiveCfg = Release|Win32
		{BC976344-7C00-4869-BA46-AEC3E6C9144C}.Release|x86.Build.0 = Release|Win32
		{BE76E816-FD40-4D61-8130-9357F384DDDA}.Debug|x64.ActiveCfg = Debug|x64
		{BE76E816-FD40-4D61-8130-9357F384DDDA}.Debug|x64.Build.0 = Debug|x64
		{BE76E816-FD40-4D61-8130-9357F384DDDA}.Debug|x86.ActiveCfg = Debug|Win32
		{BE76E816-FD40-4D61-8130-9357F384DDDA}.Debug|x86.Build.0 = Debug|Win32
		{BE76E816-FD40-4D61-8130-9357F384DDDA}.Release|x64.ActiveCfg = Release|x64
		{BE76E816-FD40-4D61-8130-9357F384DDDA}.Release|x64.Build.0 = Release|x64
		{BE76E816-FD40-4D61-8130-9357F384DDDA}.Release|x86.ActiveCfg = Release|Win32
		{BE76E816-FD40-4D61-8130-9357F384DDDA}.Release|x86.Build.0 = Release|Win32
	EndGlobalSection
	GlobalSection(SolutionProperties) = preSolution
		HideSolutionNode = FALSE
	EndGlobalSection
	GlobalSection(ExtensibilityGlobals) = postSolution
		SolutionGuid = {96A08840-350C-49F9-8F49-2E6162848014}
	EndGlobalSection
EndGlobal
